
Microsoft Visual Studio Solution File, Format Version 12.00
# Visual Studio Version 16
VisualStudioVersion = 16.0.31205.134
MinimumVisualStudioVersion = 10.0.40219.1
Project("{9A19103F-16F7-4668-BE54-9A1E7A4F7556}") = "ShuffleApp.Web", "src\ShuffleApp.Web\ShuffleApp.Web.csproj", "{F237622A-CBDF-49AB-A614-27574047547A}"
EndProject
Project("{2150E333-8FDC-42A3-9474-1A3956D46DE8}") = "src", "src", "{D234D92D-7907-4463-96F5-078D1247AA03}"
EndProject
Project("{9A19103F-16F7-4668-BE54-9A1E7A4F7556}") = "ShuffleApp.Core", "src\ShuffleApp.Core\ShuffleApp.Core.csproj", "{E3171030-22B8-423F-A818-E11D44AC9EE7}"
EndProject
Project("{9A19103F-16F7-4668-BE54-9A1E7A4F7556}") = "ShuffleApp.Spotify", "src\ShuffleApp.Spotify\ShuffleApp.Spotify.csproj", "{4A117574-B095-4762-9E6B-7DCEC4E75F8E}"
EndProject
Project("{2150E333-8FDC-42A3-9474-1A3956D46DE8}") = ".config", ".config", "{C6CE5A3F-22E9-4159-B97F-33F07E40C912}"
	ProjectSection(SolutionItems) = preProject
		.gitattributes = .gitattributes
		.gitignore = .gitignore
		..\..\repos\spotify-api-netcore\LICENSE = ..\..\repos\spotify-api-netcore\LICENSE
	EndProjectSection
EndProject
Global
	GlobalSection(SolutionConfigurationPlatforms) = preSolution
		Debug|Any CPU = Debug|Any CPU
		Release|Any CPU = Release|Any CPU
	EndGlobalSection
	GlobalSection(ProjectConfigurationPlatforms) = postSolution
		{F237622A-CBDF-49AB-A614-27574047547A}.Debug|Any CPU.ActiveCfg = Debug|Any CPU
		{F237622A-CBDF-49AB-A614-27574047547A}.Debug|Any CPU.Build.0 = Debug|Any CPU
		{F237622A-CBDF-49AB-A614-27574047547A}.Release|Any CPU.ActiveCfg = Release|Any CPU
		{F237622A-CBDF-49AB-A614-27574047547A}.Release|Any CPU.Build.0 = Release|Any CPU
		{E3171030-22B8-423F-A818-E11D44AC9EE7}.Debug|Any CPU.ActiveCfg = Debug|Any CPU
		{E3171030-22B8-423F-A818-E11D44AC9EE7}.Debug|Any CPU.Build.0 = Debug|Any CPU
		{E3171030-22B8-423F-A818-E11D44AC9EE7}.Release|Any CPU.ActiveCfg = Release|Any CPU
		{E3171030-22B8-423F-A818-E11D44AC9EE7}.Release|Any CPU.Build.0 = Release|Any CPU
		{4A117574-B095-4762-9E6B-7DCEC4E75F8E}.Debug|Any CPU.ActiveCfg = Debug|Any CPU
		{4A117574-B095-4762-9E6B-7DCEC4E75F8E}.Debug|Any CPU.Build.0 = Debug|Any CPU
		{4A117574-B095-4762-9E6B-7DCEC4E75F8E}.Release|Any CPU.ActiveCfg = Release|Any CPU
		{4A117574-B095-4762-9E6B-7DCEC4E75F8E}.Release|Any CPU.Build.0 = Release|Any CPU
	EndGlobalSection
	GlobalSection(SolutionProperties) = preSolution
		HideSolutionNode = FALSE
	EndGlobalSection
	GlobalSection(NestedProjects) = preSolution
		{F237622A-CBDF-49AB-A614-27574047547A} = {D234D92D-7907-4463-96F5-078D1247AA03}
		{E3171030-22B8-423F-A818-E11D44AC9EE7} = {D234D92D-7907-4463-96F5-078D1247AA03}
		{4A117574-B095-4762-9E6B-7DCEC4E75F8E} = {D234D92D-7907-4463-96F5-078D1247AA03}
	EndGlobalSection
	GlobalSection(ExtensibilityGlobals) = postSolution
		SolutionGuid = {EE39891A-9B26-4C49-8CCC-E37D1D87348C}
	EndGlobalSection
EndGlobal
