
Microsoft Visual Studio Solution File, Format Version 12.00
# Visual Studio Version 16
VisualStudioVersion = 16.0.31205.134
MinimumVisualStudioVersion = 10.0.40219.1
Project("{9A19103F-16F7-4668-BE54-9A1E7A4F7556}") = "ShuffleApp", "src\ShuffleApp.Web\ShuffleApp.csproj", "{F237622A-CBDF-49AB-A614-27574047547A}"
EndProject
Global
	GlobalSection(SolutionConfigurationPlatforms) = preSolution
		Debug|Any CPU = Debug|Any CPU
		Release|Any CPU = Release|Any CPU
	EndGlobalSection
	GlobalSection(ProjectConfigurationPlatforms) = postSolution
		{F237622A-CBDF-49AB-A614-27574047547A}.Debug|Any CPU.ActiveCfg = Debug|Any CPU
		{F237622A-CBDF-49AB-A614-27574047547A}.Debug|Any CPU.Build.0 = Debug|Any CPU
		{F237622A-CBDF-49AB-A614-27574047547A}.Release|Any CPU.ActiveCfg = Release|Any CPU
		{F237622A-CBDF-49AB-A614-27574047547A}.Release|Any CPU.Build.0 = Release|Any CPU
	EndGlobalSection
	GlobalSection(SolutionProperties) = preSolution
		HideSolutionNode = FALSE
	EndGlobalSection
	GlobalSection(ExtensibilityGlobals) = postSolution
		SolutionGuid = {EE39891A-9B26-4C49-8CCC-E37D1D87348C}
	EndGlobalSection
EndGlobal
